
Microsoft Visual Studio Solution File, Format Version 12.00
# Visual Studio Version 16
VisualStudioVersion = 16.0.30907.101
MinimumVisualStudioVersion = 10.0.40219.1
Project("{FAE04EC0-301F-11D3-BF4B-00C04F79EFBC}") = "GameDemo", "GameDemo\GameDemo.csproj", "{B01DA533-A2E2-48E4-A48E-ED841FF8F334}"
EndProject
Global
	GlobalSection(SolutionConfigurationPlatforms) = preSolution
		Debug|Any CPU = Debug|Any CPU
		Release|Any CPU = Release|Any CPU
	EndGlobalSection
	GlobalSection(ProjectConfigurationPlatforms) = postSolution
		{B01DA533-A2E2-48E4-A48E-ED841FF8F334}.Debug|Any CPU.ActiveCfg = Debug|Any CPU
		{B01DA533-A2E2-48E4-A48E-ED841FF8F334}.Debug|Any CPU.Build.0 = Debug|Any CPU
		{B01DA533-A2E2-48E4-A48E-ED841FF8F334}.Release|Any CPU.ActiveCfg = Release|Any CPU
		{B01DA533-A2E2-48E4-A48E-ED841FF8F334}.Release|Any CPU.Build.0 = Release|Any CPU
	EndGlobalSection
	GlobalSection(SolutionProperties) = preSolution
		HideSolutionNode = FALSE
	EndGlobalSection
	GlobalSection(ExtensibilityGlobals) = postSolution
		SolutionGuid = {25EF404F-C563-4879-B426-B5472365E3AF}
	EndGlobalSection
EndGlobal
